
Microsoft Visual Studio Solution File, Format Version 12.00
# Visual Studio Version 16
VisualStudioVersion = 16.0.31321.278
MinimumVisualStudioVersion = 10.0.40219.1
Project("{FAE04EC0-301F-11D3-BF4B-00C04F79EFBC}") = "VidlyApp", "VidlyApp\VidlyApp.csproj", "{EA2EC70D-44FC-407A-9734-DEFF9C731010}"
EndProject
Global
	GlobalSection(SolutionConfigurationPlatforms) = preSolution
		Debug|Any CPU = Debug|Any CPU
		Release|Any CPU = Release|Any CPU
	EndGlobalSection
	GlobalSection(ProjectConfigurationPlatforms) = postSolution
		{EA2EC70D-44FC-407A-9734-DEFF9C731010}.Debug|Any CPU.ActiveCfg = Debug|Any CPU
		{EA2EC70D-44FC-407A-9734-DEFF9C731010}.Debug|Any CPU.Build.0 = Debug|Any CPU
		{EA2EC70D-44FC-407A-9734-DEFF9C731010}.Release|Any CPU.ActiveCfg = Release|Any CPU
		{EA2EC70D-44FC-407A-9734-DEFF9C731010}.Release|Any CPU.Build.0 = Release|Any CPU
	EndGlobalSection
	GlobalSection(SolutionProperties) = preSolution
		HideSolutionNode = FALSE
	EndGlobalSection
	GlobalSection(ExtensibilityGlobals) = postSolution
		SolutionGuid = {67371C39-0B31-4C55-AC03-7C35A64BF85D}
	EndGlobalSection
EndGlobal
